// !$*UTF8*$!
{
	archiveVersion = 1;
	classes = {
	};
	objectVersion = 77;
	objects = {

/* Begin PBXBuildFile section */
		AB0000000000000000000012 /* CopyoCore in Frameworks */ = {isa = PBXBuildFile; productRef = AB0000000000000000000013 /* CopyoCore */; };
		AB0000000000000000000020 /* CopyoCore in Frameworks */ = {isa = PBXBuildFile; productRef = AB0000000000000000000049 /* CopyoCore */; };
		AB0000000000000000000021 /* CopyoCore in Frameworks */ = {isa = PBXBuildFile; productRef = AB000000000000000000004A /* CopyoCore */; };
		AB0000000000000000000022 /* CopyoCore in Frameworks */ = {isa = PBXBuildFile; productRef = AB000000000000000000004B /* CopyoCore */; };
		AB0000000000000000000023 /* CopyoShareExtension.appex in Embed Foundation Extensions */ = {isa = PBXBuildFile; fileRef = AB0000000000000000000029 /* CopyoShareExtension.appex */; settings = {ATTRIBUTES = (RemoveHeadersOnCopy, ); }; };
		AB0000000000000000000024 /* CopyoWidgets.appex in Embed Foundation Extensions */ = {isa = PBXBuildFile; fileRef = AB000000000000000000002A /* CopyoWidgets.appex */; settings = {ATTRIBUTES = (RemoveHeadersOnCopy, ); }; };
/* End PBXBuildFile section */

/* Begin PBXContainerItemProxy section */
		AB0000000000000000000025 /* PBXContainerItemProxy */ = {
			isa = PBXContainerItemProxy;
			containerPortal = AB000000000000000000000A /* Project object */;
			proxyType = 1;
			remoteGlobalIDString = AB0000000000000000000033;
			remoteInfo = CopyoShareExtension;
		};
		AB0000000000000000000026 /* PBXContainerItemProxy */ = {
			isa = PBXContainerItemProxy;
			containerPortal = AB000000000000000000000A /* Project object */;
			proxyType = 1;
			remoteGlobalIDString = AB0000000000000000000034;
			remoteInfo = CopyoWidgets;
		};
/* End PBXContainerItemProxy section */

/* Begin PBXCopyFilesBuildPhase section */
		AB0000000000000000000027 /* Embed Foundation Extensions */ = {
			isa = PBXCopyFilesBuildPhase;
			buildActionMask = 2147483647;
			dstPath = "";
			dstSubfolderSpec = 13;
			files = (
				AB0000000000000000000023 /* CopyoShareExtension.appex in Embed Foundation Extensions */,
				AB0000000000000000000024 /* CopyoWidgets.appex in Embed Foundation Extensions */,
			);
			name = "Embed Foundation Extensions";
			runOnlyForDeploymentPostprocessing = 0;
		};
/* End PBXCopyFilesBuildPhase section */

/* Begin PBXFileReference section */
		AB0000000000000000000005 /* Copyo.app */ = {isa = PBXFileReference; explicitFileType = wrapper.application; includeInIndex = 0; path = Copyo.app; sourceTree = BUILT_PRODUCTS_DIR; };
		AB0000000000000000000028 /* Copyo.app */ = {isa = PBXFileReference; explicitFileType = wrapper.application; includeInIndex = 0; path = Copyo.app; sourceTree = BUILT_PRODUCTS_DIR; };
		AB0000000000000000000029 /* CopyoShareExtension.appex */ = {isa = PBXFileReference; explicitFileType = "wrapper.app-extension"; includeInIndex = 0; path = CopyoShareExtension.appex; sourceTree = BUILT_PRODUCTS_DIR; };
		AB000000000000000000002A /* CopyoWidgets.appex */ = {isa = PBXFileReference; explicitFileType = "wrapper.app-extension"; includeInIndex = 0; path = CopyoWidgets.appex; sourceTree = BUILT_PRODUCTS_DIR; };
/* End PBXFileReference section */

/* Begin PBXFileSystemSynchronizedBuildFileExceptionSet section */
		AB000000000000000000004C /* Exceptions for "CopyoShareExtension" folder in "CopyoShareExtension" target */ = {
			isa = PBXFileSystemSynchronizedBuildFileExceptionSet;
			membershipExceptions = (
				Info.plist,
			);
			target = AB0000000000000000000033 /* CopyoShareExtension */;
		};
		AB000000000000000000004D /* Exceptions for "CopyoWidgets" folder in "CopyoWidgets" target */ = {
			isa = PBXFileSystemSynchronizedBuildFileExceptionSet;
			membershipExceptions = (
				Info.plist,
			);
			target = AB0000000000000000000034 /* CopyoWidgets */;
		};
/* End PBXFileSystemSynchronizedBuildFileExceptionSet section */

/* Begin PBXFileSystemSynchronizedRootGroup section */
		AB0000000000000000000001 /* Copyo */ = {
			isa = PBXFileSystemSynchronizedRootGroup;
			path = Copyo;
			sourceTree = "<group>";
		};
		AB000000000000000000002B /* CopyoIOS */ = {
			isa = PBXFileSystemSynchronizedRootGroup;
			path = CopyoIOS;
			sourceTree = "<group>";
		};
		AB000000000000000000002C /* CopyoShareExtension */ = {
			isa = PBXFileSystemSynchronizedRootGroup;
			exceptions = (
				AB000000000000000000004C /* Exceptions for "CopyoShareExtension" folder in "CopyoShareExtension" target */,
			);
			path = CopyoShareExtension;
			sourceTree = "<group>";
		};
		AB000000000000000000002D /* CopyoWidgets */ = {
			isa = PBXFileSystemSynchronizedRootGroup;
			exceptions = (
				AB000000000000000000004D /* Exceptions for "CopyoWidgets" folder in "CopyoWidgets" target */,
			);
			path = CopyoWidgets;
			sourceTree = "<group>";
		};
		AB000000000000000000002E /* CopyoShared */ = {
			isa = PBXFileSystemSynchronizedRootGroup;
			path = CopyoShared;
			sourceTree = "<group>";
		};
/* End PBXFileSystemSynchronizedRootGroup section */

/* Begin PBXFrameworksBuildPhase section */
		AB0000000000000000000002 /* Frameworks */ = {
			isa = PBXFrameworksBuildPhase;
			buildActionMask = 2147483647;
			files = (
				AB0000000000000000000012 /* CopyoCore in Frameworks */,
			);
			runOnlyForDeploymentPostprocessing = 0;
		};
		AB000000000000000000002F /* Frameworks */ = {
			isa = PBXFrameworksBuildPhase;
			buildActionMask = 2147483647;
			files = (
				AB0000000000000000000020 /* CopyoCore in Frameworks */,
			);
			runOnlyForDeploymentPostprocessing = 0;
		};
		AB0000000000000000000030 /* Frameworks */ = {
			isa = PBXFrameworksBuildPhase;
			buildActionMask = 2147483647;
			files = (
				AB0000000000000000000021 /* CopyoCore in Frameworks */,
			);
			runOnlyForDeploymentPostprocessing = 0;
		};
		AB0000000000000000000031 /* Frameworks */ = {
			isa = PBXFrameworksBuildPhase;
			buildActionMask = 2147483647;
			files = (
				AB0000000000000000000022 /* CopyoCore in Frameworks */,
			);
			runOnlyForDeploymentPostprocessing = 0;
		};
/* End PBXFrameworksBuildPhase section */

/* Begin PBXGroup section */
		AB0000000000000000000003 = {
			isa = PBXGroup;
			children = (
				AB0000000000000000000001 /* Copyo */,
				AB000000000000000000002B /* CopyoIOS */,
				AB000000000000000000002E /* CopyoShared */,
				AB000000000000000000002C /* CopyoShareExtension */,
				AB000000000000000000002D /* CopyoWidgets */,
				AB0000000000000000000004 /* Products */,
			);
			sourceTree = "<group>";
		};
		AB0000000000000000000004 /* Products */ = {
			isa = PBXGroup;
			children = (
				AB0000000000000000000005 /* Copyo.app */,
				AB0000000000000000000028 /* Copyo.app */,
				AB0000000000000000000029 /* CopyoShareExtension.appex */,
				AB000000000000000000002A /* CopyoWidgets.appex */,
			);
			name = Products;
			sourceTree = "<group>";
		};
/* End PBXGroup section */

/* Begin PBXNativeTarget section */
		AB0000000000000000000006 /* Copyo */ = {
			isa = PBXNativeTarget;
			buildConfigurationList = AB0000000000000000000007 /* Build configuration list for PBXNativeTarget "Copyo" */;
			buildPhases = (
				AB0000000000000000000008 /* Sources */,
				AB0000000000000000000002 /* Frameworks */,
				AB0000000000000000000009 /* Resources */,
			);
			buildRules = (
			);
			dependencies = (
			);
			fileSystemSynchronizedGroups = (
				AB0000000000000000000001 /* Copyo */,
			);
			name = Copyo;
			packageProductDependencies = (
				AB0000000000000000000013 /* CopyoCore */,
			);
			productName = Copyo;
			productReference = AB0000000000000000000005 /* Copyo.app */;
			productType = "com.apple.product-type.application";
		};
		AB0000000000000000000032 /* Copyo iOS */ = {
			isa = PBXNativeTarget;
			buildConfigurationList = AB0000000000000000000046 /* Build configuration list for PBXNativeTarget "Copyo iOS" */;
			buildPhases = (
				AB0000000000000000000038 /* Sources */,
				AB000000000000000000002F /* Frameworks */,
				AB0000000000000000000035 /* Resources */,
				AB0000000000000000000027 /* Embed Foundation Extensions */,
			);
			buildRules = (
			);
			dependencies = (
				AB000000000000000000003B /* PBXTargetDependency */,
				AB000000000000000000003C /* PBXTargetDependency */,
			);
			fileSystemSynchronizedGroups = (
				AB000000000000000000002B /* CopyoIOS */,
				AB000000000000000000002E /* CopyoShared */,
			);
			name = "Copyo iOS";
			packageProductDependencies = (
				AB0000000000000000000049 /* CopyoCore */,
			);
			productName = "Copyo iOS";
			productReference = AB0000000000000000000028 /* Copyo.app */;
			productType = "com.apple.product-type.application";
		};
		AB0000000000000000000033 /* CopyoShareExtension */ = {
			isa = PBXNativeTarget;
			buildConfigurationList = AB0000000000000000000047 /* Build configuration list for PBXNativeTarget "CopyoShareExtension" */;
			buildPhases = (
				AB0000000000000000000039 /* Sources */,
				AB0000000000000000000030 /* Frameworks */,
				AB0000000000000000000036 /* Resources */,
			);
			buildRules = (
			);
			dependencies = (
			);
			fileSystemSynchronizedGroups = (
				AB000000000000000000002C /* CopyoShareExtension */,
				AB000000000000000000002E /* CopyoShared */,
			);
			name = CopyoShareExtension;
			packageProductDependencies = (
				AB000000000000000000004A /* CopyoCore */,
			);
			productName = CopyoShareExtension;
			productReference = AB0000000000000000000029 /* CopyoShareExtension.appex */;
			productType = "com.apple.product-type.app-extension";
		};
		AB0000000000000000000034 /* CopyoWidgets */ = {
			isa = PBXNativeTarget;
			buildConfigurationList = AB0000000000000000000048 /* Build configuration list for PBXNativeTarget "CopyoWidgets" */;
			buildPhases = (
				AB000000000000000000003A /* Sources */,
				AB0000000000000000000031 /* Frameworks */,
				AB0000000000000000000037 /* Resources */,
			);
			buildRules = (
			);
			dependencies = (
			);
			fileSystemSynchronizedGroups = (
				AB000000000000000000002D /* CopyoWidgets */,
				AB000000000000000000002E /* CopyoShared */,
			);
			name = CopyoWidgets;
			packageProductDependencies = (
				AB000000000000000000004B /* CopyoCore */,
			);
			productName = CopyoWidgets;
			productReference = AB000000000000000000002A /* CopyoWidgets.appex */;
			productType = "com.apple.product-type.app-extension";
		};
/* End PBXNativeTarget section */

/* Begin PBXProject section */
		AB000000000000000000000A /* Project object */ = {
			isa = PBXProject;
			attributes = {
				BuildIndependentTargetsInParallel = 1;
				LastSwiftUpdateCheck = 1600;
				LastUpgradeCheck = 1600;
			};
			buildConfigurationList = AB000000000000000000000B /* Build configuration list for PBXProject "Copyo" */;
			developmentRegion = en;
			hasScannedForEncodings = 0;
			knownRegions = (
				en,
				Base,
				fr,
				"zh-Hans",
			);
			mainGroup = AB0000000000000000000003;
			minimizedProjectReferenceProxies = 1;
			packageReferences = (
				AB0000000000000000000014 /* XCLocalSwiftPackageReference "CopyoCore" */,
			);
			preferredProjectObjectVersion = 77;
			productRefGroup = AB0000000000000000000004 /* Products */;
			projectDirPath = "";
			projectRoot = "";
			targets = (
				AB0000000000000000000006 /* Copyo */,
				AB0000000000000000000032 /* Copyo iOS */,
				AB0000000000000000000033 /* CopyoShareExtension */,
				AB0000000000000000000034 /* CopyoWidgets */,
			);
		};
/* End PBXProject section */

/* Begin PBXResourcesBuildPhase section */
		AB0000000000000000000009 /* Resources */ = {
			isa = PBXResourcesBuildPhase;
			buildActionMask = 2147483647;
			files = (
			);
			runOnlyForDeploymentPostprocessing = 0;
		};
		AB0000000000000000000035 /* Resources */ = {
			isa = PBXResourcesBuildPhase;
			buildActionMask = 2147483647;
			files = (
			);
			runOnlyForDeploymentPostprocessing = 0;
		};
		AB0000000000000000000036 /* Resources */ = {
			isa = PBXResourcesBuildPhase;
			buildActionMask = 2147483647;
			files = (
			);
			runOnlyForDeploymentPostprocessing = 0;
		};
		AB0000000000000000000037 /* Resources */ = {
			isa = PBXResourcesBuildPhase;
			buildActionMask = 2147483647;
			files = (
			);
			runOnlyForDeploymentPostprocessing = 0;
		};
/* End PBXResourcesBuildPhase section */

/* Begin PBXSourcesBuildPhase section */
		AB0000000000000000000008 /* Sources */ = {
			isa = PBXSourcesBuildPhase;
			buildActionMask = 2147483647;
			files = (
			);
			runOnlyForDeploymentPostprocessing = 0;
		};
		AB0000000000000000000038 /* Sources */ = {
			isa = PBXSourcesBuildPhase;
			buildActionMask = 2147483647;
			files = (
			);
			runOnlyForDeploymentPostprocessing = 0;
		};
		AB0000000000000000000039 /* Sources */ = {
			isa = PBXSourcesBuildPhase;
			buildActionMask = 2147483647;
			files = (
			);
			runOnlyForDeploymentPostprocessing = 0;
		};
		AB000000000000000000003A /* Sources */ = {
			isa = PBXSourcesBuildPhase;
			buildActionMask = 2147483647;
			files = (
			);
			runOnlyForDeploymentPostprocessing = 0;
		};
/* End PBXSourcesBuildPhase section */

/* Begin PBXTargetDependency section */
		AB000000000000000000003B /* PBXTargetDependency */ = {
			isa = PBXTargetDependency;
			target = AB0000000000000000000033 /* CopyoShareExtension */;
			targetProxy = AB0000000000000000000025 /* PBXContainerItemProxy */;
		};
		AB000000000000000000003C /* PBXTargetDependency */ = {
			isa = PBXTargetDependency;
			target = AB0000000000000000000034 /* CopyoWidgets */;
			targetProxy = AB0000000000000000000026 /* PBXContainerItemProxy */;
		};
/* End PBXTargetDependency section */

/* Begin XCBuildConfiguration section */
		AB000000000000000000000C /* Debug */ = {
			isa = XCBuildConfiguration;
			buildSettings = {
				ALWAYS_SEARCH_USER_PATHS = NO;
				CLANG_ENABLE_MODULES = YES;
				CLANG_ENABLE_OBJC_ARC = YES;
				COPY_PHASE_STRIP = NO;
				DEBUG_INFORMATION_FORMAT = dwarf;
				ENABLE_TESTABILITY = YES;
				GCC_OPTIMIZATION_LEVEL = 0;
				GCC_PREPROCESSOR_DEFINITIONS = (
					"DEBUG=1",
					"$(inherited)",
				);
				MACOSX_DEPLOYMENT_TARGET = 14.0;
				ONLY_ACTIVE_ARCH = YES;
				SDKROOT = macosx;
				SWIFT_ACTIVE_COMPILATION_CONDITIONS = "DEBUG $(inherited)";
				SWIFT_OPTIMIZATION_LEVEL = "-Onone";
				SWIFT_VERSION = 5.0;
			};
			name = Debug;
		};
		AB000000000000000000000D /* Release */ = {
			isa = XCBuildConfiguration;
			buildSettings = {
				ALWAYS_SEARCH_USER_PATHS = NO;
				CLANG_ENABLE_MODULES = YES;
				CLANG_ENABLE_OBJC_ARC = YES;
				COPY_PHASE_STRIP = NO;
				DEBUG_INFORMATION_FORMAT = "dwarf-with-dsym";
				ENABLE_NS_ASSERTIONS = NO;
				MACOSX_DEPLOYMENT_TARGET = 14.0;
				SDKROOT = macosx;
				SWIFT_COMPILATION_MODE = wholemodule;
				SWIFT_OPTIMIZATION_LEVEL = "-O";
				SWIFT_VERSION = 5.0;
			};
			name = Release;
		};
		AB000000000000000000000E /* Debug */ = {
			isa = XCBuildConfiguration;
			buildSettings = {
				APS_ENVIRONMENT = development;
				ASSETCATALOG_COMPILER_APPICON_NAME = AppIcon;
				CODE_SIGN_ENTITLEMENTS = Copyo/Copyo.entitlements;
				CODE_SIGN_IDENTITY = "Apple Development";
				"CODE_SIGN_IDENTITY[sdk=macosx*]" = "Apple Development";
				CODE_SIGN_STYLE = Automatic;
				COMBINE_HIDPI_IMAGES = YES;
				CURRENT_PROJECT_VERSION = 1;
				DEVELOPMENT_TEAM = 9A94W79V84;
				GENERATE_INFOPLIST_FILE = YES;
				INFOPLIST_KEY_CFBundleDisplayName = Copyo;
				INFOPLIST_KEY_LSApplicationCategoryType = "public.app-category.productivity";
				INFOPLIST_KEY_LSUIElement = YES;
				INFOPLIST_KEY_NSHumanReadableCopyright = "";
				LD_RUNPATH_SEARCH_PATHS = (
					"$(inherited)",
					"@executable_path/../Frameworks",
				);
				MARKETING_VERSION = 1.0;
				PRODUCT_BUNDLE_IDENTIFIER = dev.vibemage.Copyo;
				PRODUCT_NAME = Copyo;
			};
			name = Debug;
		};
		AB000000000000000000000F /* Release */ = {
			isa = XCBuildConfiguration;
			buildSettings = {
				APS_ENVIRONMENT = production;
				ASSETCATALOG_COMPILER_APPICON_NAME = AppIcon;
				CODE_SIGN_ENTITLEMENTS = Copyo/Copyo.entitlements;
				CODE_SIGN_IDENTITY = "Apple Development";
				"CODE_SIGN_IDENTITY[sdk=macosx*]" = "Apple Development";
				CODE_SIGN_STYLE = Automatic;
				COMBINE_HIDPI_IMAGES = YES;
				CURRENT_PROJECT_VERSION = 1;
				DEVELOPMENT_TEAM = 9A94W79V84;
				ENABLE_HARDENED_RUNTIME = YES;
				GENERATE_INFOPLIST_FILE = YES;
				INFOPLIST_KEY_CFBundleDisplayName = Copyo;
				INFOPLIST_KEY_LSApplicationCategoryType = "public.app-category.productivity";
				INFOPLIST_KEY_LSUIElement = YES;
				INFOPLIST_KEY_NSHumanReadableCopyright = "";
				LD_RUNPATH_SEARCH_PATHS = (
					"$(inherited)",
					"@executable_path/../Frameworks",
				);
				MARKETING_VERSION = 1.0;
				PRODUCT_BUNDLE_IDENTIFIER = dev.vibemage.Copyo;
				PRODUCT_NAME = Copyo;
			};
			name = Release;
		};
		AB0000000000000000000010 /* Release-AppStore */ = {
			isa = XCBuildConfiguration;
			buildSettings = {
				ALWAYS_SEARCH_USER_PATHS = NO;
				CLANG_ENABLE_MODULES = YES;
				CLANG_ENABLE_OBJC_ARC = YES;
				COPY_PHASE_STRIP = NO;
				DEBUG_INFORMATION_FORMAT = "dwarf-with-dsym";
				ENABLE_NS_ASSERTIONS = NO;
				MACOSX_DEPLOYMENT_TARGET = 14.0;
				SDKROOT = macosx;
				SWIFT_COMPILATION_MODE = wholemodule;
				SWIFT_OPTIMIZATION_LEVEL = "-O";
				SWIFT_VERSION = 5.0;
			};
			name = "Release-AppStore";
		};
		AB0000000000000000000011 /* Release-AppStore */ = {
			isa = XCBuildConfiguration;
			buildSettings = {
				APS_ENVIRONMENT = production;
				ASSETCATALOG_COMPILER_APPICON_NAME = AppIcon;
				CODE_SIGN_ENTITLEMENTS = Copyo/CopyoAppStore.entitlements;
				CODE_SIGN_IDENTITY = "-";
				"CODE_SIGN_IDENTITY[sdk=macosx*]" = "Apple Development";
				CODE_SIGN_STYLE = Automatic;
				COMBINE_HIDPI_IMAGES = YES;
				CURRENT_PROJECT_VERSION = 2;
				DEVELOPMENT_TEAM = 9A94W79V84;
				ENABLE_HARDENED_RUNTIME = YES;
				GENERATE_INFOPLIST_FILE = YES;
				INFOPLIST_KEY_CFBundleDisplayName = Copyo;
				INFOPLIST_KEY_ITSAppUsesNonExemptEncryption = NO;
				INFOPLIST_KEY_LSApplicationCategoryType = "public.app-category.productivity";
				INFOPLIST_KEY_LSUIElement = YES;
				INFOPLIST_KEY_NSHumanReadableCopyright = "Copyright © 2026 Copyo Contributors. MIT License.";
				LD_RUNPATH_SEARCH_PATHS = (
					"$(inherited)",
					"@executable_path/../Frameworks",
				);
				MARKETING_VERSION = 1.0;
				PRODUCT_BUNDLE_IDENTIFIER = dev.vibemage.Copyo;
				PRODUCT_NAME = Copyo;
				SWIFT_ACTIVE_COMPILATION_CONDITIONS = "APPSTORE $(inherited)";
			};
			name = "Release-AppStore";
		};
		AB000000000000000000003D /* Debug */ = {
			isa = XCBuildConfiguration;
			buildSettings = {
				APS_ENVIRONMENT = development;
				ASSETCATALOG_COMPILER_APPICON_NAME = AppIcon;
				ASSETCATALOG_COMPILER_GLOBAL_ACCENT_COLOR_NAME = AccentColor;
				CODE_SIGN_ENTITLEMENTS = CopyoIOS/CopyoIOS.entitlements;
				CODE_SIGN_STYLE = Automatic;
				CURRENT_PROJECT_VERSION = 1;
				DEVELOPMENT_TEAM = 9A94W79V84;
				ENABLE_PREVIEWS = YES;
				GENERATE_INFOPLIST_FILE = YES;
				INFOPLIST_KEY_CFBundleDisplayName = Copyo;
				INFOPLIST_KEY_ITSAppUsesNonExemptEncryption = NO;
				INFOPLIST_KEY_LSApplicationCategoryType = "public.app-category.productivity";
				INFOPLIST_KEY_NSHumanReadableCopyright = "Copyright © 2026 Copyo Contributors. MIT License.";
				INFOPLIST_KEY_UIApplicationSceneManifest_Generation = YES;
				INFOPLIST_KEY_UILaunchScreen_Generation = YES;
				INFOPLIST_KEY_UISupportedInterfaceOrientations = UIInterfaceOrientationPortrait;
				INFOPLIST_KEY_UISupportedInterfaceOrientations_iPad = "UIInterfaceOrientationLandscapeLeft UIInterfaceOrientationLandscapeRight UIInterfaceOrientationPortrait UIInterfaceOrientationPortraitUpsideDown";
				IPHONEOS_DEPLOYMENT_TARGET = 18.0;
				LD_RUNPATH_SEARCH_PATHS = (
					"$(inherited)",
					"@executable_path/Frameworks",
				);
				MARKETING_VERSION = 1.0;
				PRODUCT_BUNDLE_IDENTIFIER = dev.vibemage.Copyo;
				PRODUCT_NAME = Copyo;
				SDKROOT = iphoneos;
				SUPPORTS_MACCATALYST = NO;
				SWIFT_EMIT_LOC_STRINGS = YES;
				TARGETED_DEVICE_FAMILY = "1,2";
			};
			name = Debug;
		};
		AB000000000000000000003E /* Release */ = {
			isa = XCBuildConfiguration;
			buildSettings = {
				APS_ENVIRONMENT = production;
				ASSETCATALOG_COMPILER_APPICON_NAME = AppIcon;
				ASSETCATALOG_COMPILER_GLOBAL_ACCENT_COLOR_NAME = AccentColor;
				CODE_SIGN_ENTITLEMENTS = CopyoIOS/CopyoIOS.entitlements;
				CODE_SIGN_STYLE = Automatic;
				CURRENT_PROJECT_VERSION = 1;
				DEVELOPMENT_TEAM = 9A94W79V84;
				ENABLE_PREVIEWS = YES;
				GENERATE_INFOPLIST_FILE = YES;
				INFOPLIST_KEY_CFBundleDisplayName = Copyo;
				INFOPLIST_KEY_ITSAppUsesNonExemptEncryption = NO;
				INFOPLIST_KEY_LSApplicationCategoryType = "public.app-category.productivity";
				INFOPLIST_KEY_NSHumanReadableCopyright = "Copyright © 2026 Copyo Contributors. MIT License.";
				INFOPLIST_KEY_UIApplicationSceneManifest_Generation = YES;
				INFOPLIST_KEY_UILaunchScreen_Generation = YES;
				INFOPLIST_KEY_UISupportedInterfaceOrientations = UIInterfaceOrientationPortrait;
				INFOPLIST_KEY_UISupportedInterfaceOrientations_iPad = "UIInterfaceOrientationLandscapeLeft UIInterfaceOrientationLandscapeRight UIInterfaceOrientationPortrait UIInterfaceOrientationPortraitUpsideDown";
				IPHONEOS_DEPLOYMENT_TARGET = 18.0;
				LD_RUNPATH_SEARCH_PATHS = (
					"$(inherited)",
					"@executable_path/Frameworks",
				);
				MARKETING_VERSION = 1.0;
				PRODUCT_BUNDLE_IDENTIFIER = dev.vibemage.Copyo;
				PRODUCT_NAME = Copyo;
				SDKROOT = iphoneos;
				SUPPORTS_MACCATALYST = NO;
				SWIFT_EMIT_LOC_STRINGS = YES;
				TARGETED_DEVICE_FAMILY = "1,2";
			};
			name = Release;
		};
		AB000000000000000000003F /* Release-AppStore */ = {
			isa = XCBuildConfiguration;
			buildSettings = {
				APS_ENVIRONMENT = production;
				ASSETCATALOG_COMPILER_APPICON_NAME = AppIcon;
				ASSETCATALOG_COMPILER_GLOBAL_ACCENT_COLOR_NAME = AccentColor;
				CODE_SIGN_ENTITLEMENTS = CopyoIOS/CopyoIOS.entitlements;
				CODE_SIGN_STYLE = Automatic;
				CURRENT_PROJECT_VERSION = 1;
				DEVELOPMENT_TEAM = 9A94W79V84;
				ENABLE_PREVIEWS = YES;
				GENERATE_INFOPLIST_FILE = YES;
				INFOPLIST_KEY_CFBundleDisplayName = Copyo;
				INFOPLIST_KEY_ITSAppUsesNonExemptEncryption = NO;
				INFOPLIST_KEY_LSApplicationCategoryType = "public.app-category.productivity";
				INFOPLIST_KEY_NSHumanReadableCopyright = "Copyright © 2026 Copyo Contributors. MIT License.";
				INFOPLIST_KEY_UIApplicationSceneManifest_Generation = YES;
				INFOPLIST_KEY_UILaunchScreen_Generation = YES;
				INFOPLIST_KEY_UISupportedInterfaceOrientations = UIInterfaceOrientationPortrait;
				INFOPLIST_KEY_UISupportedInterfaceOrientations_iPad = "UIInterfaceOrientationLandscapeLeft UIInterfaceOrientationLandscapeRight UIInterfaceOrientationPortrait UIInterfaceOrientationPortraitUpsideDown";
				IPHONEOS_DEPLOYMENT_TARGET = 18.0;
				LD_RUNPATH_SEARCH_PATHS = (
					"$(inherited)",
					"@executable_path/Frameworks",
				);
				MARKETING_VERSION = 1.0;
				PRODUCT_BUNDLE_IDENTIFIER = dev.vibemage.Copyo;
				PRODUCT_NAME = Copyo;
				SDKROOT = iphoneos;
				SUPPORTS_MACCATALYST = NO;
				SWIFT_ACTIVE_COMPILATION_CONDITIONS = "APPSTORE $(inherited)";
				SWIFT_EMIT_LOC_STRINGS = YES;
				TARGETED_DEVICE_FAMILY = "1,2";
			};
			name = "Release-AppStore";
		};
		AB0000000000000000000040 /* Debug */ = {
			isa = XCBuildConfiguration;
			buildSettings = {
				APPLICATION_EXTENSION_API_ONLY = YES;
				APS_ENVIRONMENT = development;
				CODE_SIGN_ENTITLEMENTS = CopyoShareExtension/CopyoShareExtension.entitlements;
				CODE_SIGN_STYLE = Automatic;
				CURRENT_PROJECT_VERSION = 1;
				DEVELOPMENT_TEAM = 9A94W79V84;
				ENABLE_PREVIEWS = YES;
				GENERATE_INFOPLIST_FILE = YES;
				INFOPLIST_FILE = CopyoShareExtension/Info.plist;
				INFOPLIST_KEY_CFBundleDisplayName = Copyo;
				INFOPLIST_KEY_ITSAppUsesNonExemptEncryption = NO;
				INFOPLIST_KEY_NSHumanReadableCopyright = "Copyright © 2026 Copyo Contributors. MIT License.";
				IPHONEOS_DEPLOYMENT_TARGET = 18.0;
				LD_RUNPATH_SEARCH_PATHS = (
					"$(inherited)",
					"@executable_path/Frameworks",
					"@executable_path/../../Frameworks",
				);
				MARKETING_VERSION = 1.0;
				PRODUCT_BUNDLE_IDENTIFIER = dev.vibemage.Copyo.ShareExtension;
				PRODUCT_NAME = "$(TARGET_NAME)";
				SDKROOT = iphoneos;
				SKIP_INSTALL = YES;
				SUPPORTS_MACCATALYST = NO;
				SWIFT_EMIT_LOC_STRINGS = YES;
				TARGETED_DEVICE_FAMILY = "1,2";
			};
			name = Debug;
		};
		AB0000000000000000000041 /* Release */ = {
			isa = XCBuildConfiguration;
			buildSettings = {
				APPLICATION_EXTENSION_API_ONLY = YES;
				APS_ENVIRONMENT = production;
				CODE_SIGN_ENTITLEMENTS = CopyoShareExtension/CopyoShareExtension.entitlements;
				CODE_SIGN_STYLE = Automatic;
				CURRENT_PROJECT_VERSION = 1;
				DEVELOPMENT_TEAM = 9A94W79V84;
				ENABLE_PREVIEWS = YES;
				GENERATE_INFOPLIST_FILE = YES;
				INFOPLIST_FILE = CopyoShareExtension/Info.plist;
				INFOPLIST_KEY_CFBundleDisplayName = Copyo;
				INFOPLIST_KEY_ITSAppUsesNonExemptEncryption = NO;
				INFOPLIST_KEY_NSHumanReadableCopyright = "Copyright © 2026 Copyo Contributors. MIT License.";
				IPHONEOS_DEPLOYMENT_TARGET = 18.0;
				LD_RUNPATH_SEARCH_PATHS = (
					"$(inherited)",
					"@executable_path/Frameworks",
					"@executable_path/../../Frameworks",
				);
				MARKETING_VERSION = 1.0;
				PRODUCT_BUNDLE_IDENTIFIER = dev.vibemage.Copyo.ShareExtension;
				PRODUCT_NAME = "$(TARGET_NAME)";
				SDKROOT = iphoneos;
				SKIP_INSTALL = YES;
				SUPPORTS_MACCATALYST = NO;
				SWIFT_EMIT_LOC_STRINGS = YES;
				TARGETED_DEVICE_FAMILY = "1,2";
			};
			name = Release;
		};
		AB0000000000000000000042 /* Release-AppStore */ = {
			isa = XCBuildConfiguration;
			buildSettings = {
				APPLICATION_EXTENSION_API_ONLY = YES;
				APS_ENVIRONMENT = production;
				CODE_SIGN_ENTITLEMENTS = CopyoShareExtension/CopyoShareExtension.entitlements;
				CODE_SIGN_STYLE = Automatic;
				CURRENT_PROJECT_VERSION = 1;
				DEVELOPMENT_TEAM = 9A94W79V84;
				ENABLE_PREVIEWS = YES;
				GENERATE_INFOPLIST_FILE = YES;
				INFOPLIST_FILE = CopyoShareExtension/Info.plist;
				INFOPLIST_KEY_CFBundleDisplayName = Copyo;
				INFOPLIST_KEY_ITSAppUsesNonExemptEncryption = NO;
				INFOPLIST_KEY_NSHumanReadableCopyright = "Copyright © 2026 Copyo Contributors. MIT License.";
				IPHONEOS_DEPLOYMENT_TARGET = 18.0;
				LD_RUNPATH_SEARCH_PATHS = (
					"$(inherited)",
					"@executable_path/Frameworks",
					"@executable_path/../../Frameworks",
				);
				MARKETING_VERSION = 1.0;
				PRODUCT_BUNDLE_IDENTIFIER = dev.vibemage.Copyo.ShareExtension;
				PRODUCT_NAME = "$(TARGET_NAME)";
				SDKROOT = iphoneos;
				SKIP_INSTALL = YES;
				SUPPORTS_MACCATALYST = NO;
				SWIFT_ACTIVE_COMPILATION_CONDITIONS = "APPSTORE $(inherited)";
				SWIFT_EMIT_LOC_STRINGS = YES;
				TARGETED_DEVICE_FAMILY = "1,2";
			};
			name = "Release-AppStore";
		};
		AB0000000000000000000043 /* Debug */ = {
			isa = XCBuildConfiguration;
			buildSettings = {
				APPLICATION_EXTENSION_API_ONLY = YES;
				APS_ENVIRONMENT = development;
				CODE_SIGN_ENTITLEMENTS = CopyoWidgets/CopyoWidgets.entitlements;
				CODE_SIGN_STYLE = Automatic;
				CURRENT_PROJECT_VERSION = 1;
				DEVELOPMENT_TEAM = 9A94W79V84;
				ENABLE_PREVIEWS = YES;
				GENERATE_INFOPLIST_FILE = YES;
				INFOPLIST_FILE = CopyoWidgets/Info.plist;
				INFOPLIST_KEY_CFBundleDisplayName = Copyo;
				INFOPLIST_KEY_ITSAppUsesNonExemptEncryption = NO;
				INFOPLIST_KEY_NSHumanReadableCopyright = "Copyright © 2026 Copyo Contributors. MIT License.";
				IPHONEOS_DEPLOYMENT_TARGET = 18.0;
				LD_RUNPATH_SEARCH_PATHS = (
					"$(inherited)",
					"@executable_path/Frameworks",
					"@executable_path/../../Frameworks",
				);
				MARKETING_VERSION = 1.0;
				PRODUCT_BUNDLE_IDENTIFIER = dev.vibemage.Copyo.Widgets;
				PRODUCT_NAME = "$(TARGET_NAME)";
				SDKROOT = iphoneos;
				SKIP_INSTALL = YES;
				SUPPORTS_MACCATALYST = NO;
				SWIFT_EMIT_LOC_STRINGS = YES;
				TARGETED_DEVICE_FAMILY = "1,2";
			};
			name = Debug;
		};
		AB0000000000000000000044 /* Release */ = {
			isa = XCBuildConfiguration;
			buildSettings = {
				APPLICATION_EXTENSION_API_ONLY = YES;
				APS_ENVIRONMENT = production;
				CODE_SIGN_ENTITLEMENTS = CopyoWidgets/CopyoWidgets.entitlements;
				CODE_SIGN_STYLE = Automatic;
				CURRENT_PROJECT_VERSION = 1;
				DEVELOPMENT_TEAM = 9A94W79V84;
				ENABLE_PREVIEWS = YES;
				GENERATE_INFOPLIST_FILE = YES;
				INFOPLIST_FILE = CopyoWidgets/Info.plist;
				INFOPLIST_KEY_CFBundleDisplayName = Copyo;
				INFOPLIST_KEY_ITSAppUsesNonExemptEncryption = NO;
				INFOPLIST_KEY_NSHumanReadableCopyright = "Copyright © 2026 Copyo Contributors. MIT License.";
				IPHONEOS_DEPLOYMENT_TARGET = 18.0;
				LD_RUNPATH_SEARCH_PATHS = (
					"$(inherited)",
					"@executable_path/Frameworks",
					"@executable_path/../../Frameworks",
				);
				MARKETING_VERSION = 1.0;
				PRODUCT_BUNDLE_IDENTIFIER = dev.vibemage.Copyo.Widgets;
				PRODUCT_NAME = "$(TARGET_NAME)";
				SDKROOT = iphoneos;
				SKIP_INSTALL = YES;
				SUPPORTS_MACCATALYST = NO;
				SWIFT_EMIT_LOC_STRINGS = YES;
				TARGETED_DEVICE_FAMILY = "1,2";
			};
			name = Release;
		};
		AB0000000000000000000045 /* Release-AppStore */ = {
			isa = XCBuildConfiguration;
			buildSettings = {
				APPLICATION_EXTENSION_API_ONLY = YES;
				APS_ENVIRONMENT = production;
				CODE_SIGN_ENTITLEMENTS = CopyoWidgets/CopyoWidgets.entitlements;
				CODE_SIGN_STYLE = Automatic;
				CURRENT_PROJECT_VERSION = 1;
				DEVELOPMENT_TEAM = 9A94W79V84;
				ENABLE_PREVIEWS = YES;
				GENERATE_INFOPLIST_FILE = YES;
				INFOPLIST_FILE = CopyoWidgets/Info.plist;
				INFOPLIST_KEY_CFBundleDisplayName = Copyo;
				INFOPLIST_KEY_ITSAppUsesNonExemptEncryption = NO;
				INFOPLIST_KEY_NSHumanReadableCopyright = "Copyright © 2026 Copyo Contributors. MIT License.";
				IPHONEOS_DEPLOYMENT_TARGET = 18.0;
				LD_RUNPATH_SEARCH_PATHS = (
					"$(inherited)",
					"@executable_path/Frameworks",
					"@executable_path/../../Frameworks",
				);
				MARKETING_VERSION = 1.0;
				PRODUCT_BUNDLE_IDENTIFIER = dev.vibemage.Copyo.Widgets;
				PRODUCT_NAME = "$(TARGET_NAME)";
				SDKROOT = iphoneos;
				SKIP_INSTALL = YES;
				SUPPORTS_MACCATALYST = NO;
				SWIFT_ACTIVE_COMPILATION_CONDITIONS = "APPSTORE $(inherited)";
				SWIFT_EMIT_LOC_STRINGS = YES;
				TARGETED_DEVICE_FAMILY = "1,2";
			};
			name = "Release-AppStore";
		};
/* End XCBuildConfiguration section */

/* Begin XCConfigurationList section */
		AB0000000000000000000007 /* Build configuration list for PBXNativeTarget "Copyo" */ = {
			isa = XCConfigurationList;
			buildConfigurations = (
				AB000000000000000000000E /* Debug */,
				AB000000000000000000000F /* Release */,
				AB0000000000000000000011 /* Release-AppStore */,
			);
			defaultConfigurationIsVisible = 0;
			defaultConfigurationName = Release;
		};
		AB000000000000000000000B /* Build configuration list for PBXProject "Copyo" */ = {
			isa = XCConfigurationList;
			buildConfigurations = (
				AB000000000000000000000C /* Debug */,
				AB000000000000000000000D /* Release */,
				AB0000000000000000000010 /* Release-AppStore */,
			);
			defaultConfigurationIsVisible = 0;
			defaultConfigurationName = Release;
		};
		AB0000000000000000000046 /* Build configuration list for PBXNativeTarget "Copyo iOS" */ = {
			isa = XCConfigurationList;
			buildConfigurations = (
				AB000000000000000000003D /* Debug */,
				AB000000000000000000003E /* Release */,
				AB000000000000000000003F /* Release-AppStore */,
			);
			defaultConfigurationIsVisible = 0;
			defaultConfigurationName = Release;
		};
		AB0000000000000000000047 /* Build configuration list for PBXNativeTarget "CopyoShareExtension" */ = {
			isa = XCConfigurationList;
			buildConfigurations = (
				AB0000000000000000000040 /* Debug */,
				AB0000000000000000000041 /* Release */,
				AB0000000000000000000042 /* Release-AppStore */,
			);
			defaultConfigurationIsVisible = 0;
			defaultConfigurationName = Release;
		};
		AB0000000000000000000048 /* Build configuration list for PBXNativeTarget "CopyoWidgets" */ = {
			isa = XCConfigurationList;
			buildConfigurations = (
				AB0000000000000000000043 /* Debug */,
				AB0000000000000000000044 /* Release */,
				AB0000000000000000000045 /* Release-AppStore */,
			);
			defaultConfigurationIsVisible = 0;
			defaultConfigurationName = Release;
		};
/* End XCConfigurationList section */

/* Begin XCLocalSwiftPackageReference section */
		AB0000000000000000000014 /* XCLocalSwiftPackageReference "CopyoCore" */ = {
			isa = XCLocalSwiftPackageReference;
			relativePath = CopyoCore;
		};
/* End XCLocalSwiftPackageReference section */

/* Begin XCSwiftPackageProductDependency section */
		AB0000000000000000000013 /* CopyoCore */ = {
			isa = XCSwiftPackageProductDependency;
			productName = CopyoCore;
		};
		AB0000000000000000000049 /* CopyoCore */ = {
			isa = XCSwiftPackageProductDependency;
			productName = CopyoCore;
		};
		AB000000000000000000004A /* CopyoCore */ = {
			isa = XCSwiftPackageProductDependency;
			productName = CopyoCore;
		};
		AB000000000000000000004B /* CopyoCore */ = {
			isa = XCSwiftPackageProductDependency;
			productName = CopyoCore;
		};
/* End XCSwiftPackageProductDependency section */
	};
	rootObject = AB000000000000000000000A /* Project object */;
}
